{
  "name": "vlojure",
  "version": "0.1.0",
  "lockfileVersion": 1,
  "requires": true,
  "dependencies": {
    "@babel/runtime": {
      "version": "7.16.7",
      "resolved": "https://registry.npmjs.org/@babel/runtime/-/runtime-7.16.7.tgz",
      "integrity": "sha512-9E9FJowqAsytyOY6LG+1KuueckRL+aQW+mKvXRXnuFGyRAyepJPmEo9vgMfXUA6O9u3IeEdv9MAkppFcaQwogQ==",
      "requires": {
        "regenerator-runtime": "^0.13.4"
      }
    },
    "@pixi/accessibility": {
      "version": "6.1.2",
      "resolved": "https://registry.npmjs.org/@pixi/accessibility/-/accessibility-6.1.2.tgz",
      "integrity": "sha512-riXpC4PBJYaAG5aWUZ3ud+zhF2ulqnNGCMvlcf/RfuNHlI0jd3SQ0/sxI9OwT0usnxjUDd8beDk8txJGmrX8Fw=="
    },
    "@pixi/app": {
      "version": "6.1.2",
      "resolved": "https://registry.npmjs.org/@pixi/app/-/app-6.1.2.tgz",
      "integrity": "sha512-fv8kyFw2w8kX9UZNetlNAerM7Uszr2BSXKIMqB8lITpeE7XlnNpDussdF9z87fBjSYgMD3bdWSkhdj54QY6n9A=="
    },
    "@pixi/compressed-textures": {
      "version": "6.1.2",
      "resolved": "https://registry.npmjs.org/@pixi/compressed-textures/-/compressed-textures-6.1.2.tgz",
      "integrity": "sha512-BcOaXKS4+6fTOnORt6o2uKUJGpwTIDhIzF+t0ekd9UGhfLykFHIALdgCYPU1e4GvtWWDfaYYhIwWWa8sX+FWTQ=="
    },
    "@pixi/constants": {
      "version": "6.1.2",
      "resolved": "https://registry.npmjs.org/@pixi/constants/-/constants-6.1.2.tgz",
      "integrity": "sha512-rPHWzGDI/PKD0/p8mrsoednpDhbvfidcen2Vozz7KNO5SS/ljqyiZLEbHwYK/xhc2Z7QvXVuDuPaWl9FBCRiQg=="
    },
    "@pixi/core": {
      "version": "6.1.2",
      "resolved": "https://registry.npmjs.org/@pixi/core/-/core-6.1.2.tgz",
      "integrity": "sha512-S+f0qmVkrePor2XKA6A70Axo8ui+HiZgkl1J7AWVtl6MI49+3tXra9Ww3xmp/6jEdIUQyyN5sC8cg8dF/lgmBw=="
    },
    "@pixi/display": {
      "version": "6.1.2",
      "resolved": "https://registry.npmjs.org/@pixi/display/-/display-6.1.2.tgz",
      "integrity": "sha512-JbX9GF6kOg8n8mcOFvcVZBpDRZtB/u7I+L0taOMHHtQ16bdBQ9+CxYgvOi9FLyWQNKl4utnnviQx4t8Km01POQ=="
    },
    "@pixi/extract": {
      "version": "6.1.2",
      "resolved": "https://registry.npmjs.org/@pixi/extract/-/extract-6.1.2.tgz",
      "integrity": "sha512-1vnAOJEaaRsTWyRa4OCodVubvZ0Ib3LVkg5MFU+bDsgnczwUiZEOvtaQKOAiO1F9rEdNdvuo/TQyWlJAuHB73Q=="
    },
    "@pixi/filter-alpha": {
      "version": "6.1.2",
      "resolved": "https://registry.npmjs.org/@pixi/filter-alpha/-/filter-alpha-6.1.2.tgz",
      "integrity": "sha512-8qvW6FrJ8liyswfQJrFKRo679j1vhszxsa/A0unXJYGkD8fRlnoywr2gci+yEb/AyEiuwJF59v2YtWjFjkJ2fA=="
    },
    "@pixi/filter-blur": {
      "version": "6.1.2",
      "resolved": "https://registry.npmjs.org/@pixi/filter-blur/-/filter-blur-6.1.2.tgz",
      "integrity": "sha512-4uJUVtuiuQbPBqXwUS7aUoe8SAnjcmAwKR+KClgn/4XvwIXaULvQcmSUTyrROmWeNTGm6LgVcX4pbb8aO5lWLg=="
    },
    "@pixi/filter-color-matrix": {
      "version": "6.1.2",
      "resolved": "https://registry.npmjs.org/@pixi/filter-color-matrix/-/filter-color-matrix-6.1.2.tgz",
      "integrity": "sha512-xHd0OFdJr2nuqUKSjpf9W2OQwrfmQ7v00eiqeBA9azFmMJ4XmsRmAaej+mgBM2L9j4gZmbGE/5h5ZA80NCAHfg=="
    },
    "@pixi/filter-displacement": {
      "version": "6.1.2",
      "resolved": "https://registry.npmjs.org/@pixi/filter-displacement/-/filter-displacement-6.1.2.tgz",
      "integrity": "sha512-LOQJUfsIcgGkURT7/cqdb9sDjhGO9eQXPb8YHeMyBgKouby0On9REFbueE0cwfuY/MGcfru55JH8okcG7YXj2w=="
    },
    "@pixi/filter-fxaa": {
      "version": "6.1.2",
      "resolved": "https://registry.npmjs.org/@pixi/filter-fxaa/-/filter-fxaa-6.1.2.tgz",
      "integrity": "sha512-Gx2i8DCSKXhnUz0/rFsTmSaGVXl+kyZnD7/e1WojZD4M/2DPzQXqfbmi2OxsR1dyFBH6utNjmYP8xIvQ4JmSMw=="
    },
    "@pixi/filter-noise": {
      "version": "6.1.2",
      "resolved": "https://registry.npmjs.org/@pixi/filter-noise/-/filter-noise-6.1.2.tgz",
      "integrity": "sha512-sPYw3fuxycnVa12C66RhJGeK32XXfX7ANvH5ZRf6i3NwsnmlEZfid8zrujt23xdY0UNqHxwYyg2RrQS9mLDanw=="
    },
    "@pixi/graphics": {
      "version": "6.1.2",
      "resolved": "https://registry.npmjs.org/@pixi/graphics/-/graphics-6.1.2.tgz",
      "integrity": "sha512-aNQ9242RV3Lg4hLmU4rN9jGKhE84vjkxEWswpyqChDqh5vOeahSjZo4DR+qIsEUwEo/OgRY1kvpWY4+2xzMSjg=="
    },
    "@pixi/interaction": {
      "version": "6.1.2",
      "resolved": "https://registry.npmjs.org/@pixi/interaction/-/interaction-6.1.2.tgz",
      "integrity": "sha512-0Hw6ZTXW8jgwq1Ek4wu+JqbSpIeOGvUR9mYuh8Ucrsi089Zavv/sOtAVVO8Zq1psFUjsU+BXSuOZmgOi2xwHFQ=="
    },
    "@pixi/loaders": {
      "version": "6.1.2",
      "resolved": "https://registry.npmjs.org/@pixi/loaders/-/loaders-6.1.2.tgz",
      "integrity": "sha512-InzcLF6Xl9DAp8O2w93r+xEfL9tZYe+CMjVKxJCEebee8JliurRX5Tpq/POi1QwwApi5HaQdpbZ5akQGZGA/+Q=="
    },
    "@pixi/math": {
      "version": "6.1.2",
      "resolved": "https://registry.npmjs.org/@pixi/math/-/math-6.1.2.tgz",
      "integrity": "sha512-tARAZaR01bifqQFW5P714k+Kb8KntKoxVSxbxkY58RSibpoCBFZ8ZnrlT4HY3ovIx66KhH7JJeVhCsXG2d/ggg=="
    },
    "@pixi/mesh": {
      "version": "6.1.2",
      "resolved": "https://registry.npmjs.org/@pixi/mesh/-/mesh-6.1.2.tgz",
      "integrity": "sha512-3aEke7cXq+EIsuVW8G/Ro5GekbZRDFSSxOtbpzNoSjNdTgnKb3OcNaaygu8tK+ZN2uXxN2u91d6f0ki8Y6VnUA=="
    },
    "@pixi/mesh-extras": {
      "version": "6.1.2",
      "resolved": "https://registry.npmjs.org/@pixi/mesh-extras/-/mesh-extras-6.1.2.tgz",
      "integrity": "sha512-MtOHfbfDJ0RyNq3S1frm/+erxCyrayZFOJA0bBIFvHW5WeolAcLo+pNGlmh/1qufDTnMK3UM16mOzAz9qNA7wA=="
    },
    "@pixi/mixin-cache-as-bitmap": {
      "version": "6.1.2",
      "resolved": "https://registry.npmjs.org/@pixi/mixin-cache-as-bitmap/-/mixin-cache-as-bitmap-6.1.2.tgz",
      "integrity": "sha512-8H5SZ6KTKI0WIYPNasjgGDanwUuIyyWtug/qK8j/LNuvVZmj9xfeQnih+Zi727SxKLrnD2mPWXWzSbDrp0MpnQ=="
    },
    "@pixi/mixin-get-child-by-name": {
      "version": "6.1.2",
      "resolved": "https://registry.npmjs.org/@pixi/mixin-get-child-by-name/-/mixin-get-child-by-name-6.1.2.tgz",
      "integrity": "sha512-9WCGFWiY8fisUCir51Q3JKMSw16M5KSzDxAHVyNlinBv71ifH+AZgdzeogDbQf1ysP4BL2K956czPv19GbcANw=="
    },
    "@pixi/mixin-get-global-position": {
      "version": "6.1.2",
      "resolved": "https://registry.npmjs.org/@pixi/mixin-get-global-position/-/mixin-get-global-position-6.1.2.tgz",
      "integrity": "sha512-E7+yo2Cv+qrIXeH8x3tr98H4qEY3vn+IYTbJP0m7/hVA98qTOoP866MJUBNwgwtbRgNEQJwGuGs+m/yK2mcW7w=="
    },
    "@pixi/particle-container": {
      "version": "6.1.2",
      "resolved": "https://registry.npmjs.org/@pixi/particle-container/-/particle-container-6.1.2.tgz",
      "integrity": "sha512-2IvY0nkH8tc7dY6Gk/RyCaSWaPWNEEurPeEkDYhYUcL/ktlqD65PzHQVMZ20nhW5hnHx4bn2H4S1U/5ilvg8Tg=="
    },
    "@pixi/polyfill": {
      "version": "6.1.2",
      "resolved": "https://registry.npmjs.org/@pixi/polyfill/-/polyfill-6.1.2.tgz",
      "integrity": "sha512-sULLKpSNyax5sYkPMIm+e36zZC1+gfexn5DGrLswR+vHy1Eu8Ler/P0dak+nzKTqwL1hwkuVlCZms+esG9myNQ==",
      "requires": {
        "object-assign": "^4.1.1",
        "promise-polyfill": "^8.2.0"
      }
    },
    "@pixi/prepare": {
      "version": "6.1.2",
      "resolved": "https://registry.npmjs.org/@pixi/prepare/-/prepare-6.1.2.tgz",
      "integrity": "sha512-qHoS/knfchT7ZvpV1MwJQaS5zb8uvlO2paKRLN76aZR4dHKCpRzVWHJ+5EuSEacbbzX8ElBMTCI0iV1V7L1Jiw=="
    },
    "@pixi/runner": {
      "version": "6.1.2",
      "resolved": "https://registry.npmjs.org/@pixi/runner/-/runner-6.1.2.tgz",
      "integrity": "sha512-OKFnW2qrjgUB/O7i15vvS3YRv49aV1Ny22uoYkWGJZ46y3wg6SWuMfHDOK2HIDMefToNRFhWCxcZJCqT5A7XmQ=="
    },
    "@pixi/settings": {
      "version": "6.1.2",
      "resolved": "https://registry.npmjs.org/@pixi/settings/-/settings-6.1.2.tgz",
      "integrity": "sha512-ZulDFSejh475/YOaTsYpOZNWKhfdN93FnojsaLYX4OXcuscF3Ncq4AE8wNwGFraMd0+ZZY9VXHdepU+rjIhF4g==",
      "requires": {
        "ismobilejs": "^1.1.0"
      }
    },
    "@pixi/sprite": {
      "version": "6.1.2",
      "resolved": "https://registry.npmjs.org/@pixi/sprite/-/sprite-6.1.2.tgz",
      "integrity": "sha512-AzK2UW+VcZ+6sKW++9qokhSMFG35zSAOpRoWk5QgRhbVkdh2L0BB7nK5Z8PZgqmTGCzSq2NvVlzosryPWmLMNw=="
    },
    "@pixi/sprite-animated": {
      "version": "6.1.2",
      "resolved": "https://registry.npmjs.org/@pixi/sprite-animated/-/sprite-animated-6.1.2.tgz",
      "integrity": "sha512-jriUtbIw1v0AB3sIObM1t7eAIPuB4gtokao6k09EURMepoCQJlYSKIq5FVlmLYU/zf1t7/f/dtpZ65UEKXDytw=="
    },
    "@pixi/sprite-tiling": {
      "version": "6.1.2",
      "resolved": "https://registry.npmjs.org/@pixi/sprite-tiling/-/sprite-tiling-6.1.2.tgz",
      "integrity": "sha512-6tOlag2M+bn5aNPi/iyORY/IqB9Gfan5MnaG3HarfZdSlSwQH0yklDePBrG2DQ/X6Rmb94DJd0PxJdCujtFJTg=="
    },
    "@pixi/spritesheet": {
      "version": "6.1.2",
      "resolved": "https://registry.npmjs.org/@pixi/spritesheet/-/spritesheet-6.1.2.tgz",
      "integrity": "sha512-PP+sChFaE8vK0PHwChKYeDuFSvYK+Eb6M+eX2pMt3MoXIurGvlrybexUTqTNubxQHWnoLqGIfqq1MWdjmGrs8A=="
    },
    "@pixi/text": {
      "version": "6.1.2",
      "resolved": "https://registry.npmjs.org/@pixi/text/-/text-6.1.2.tgz",
      "integrity": "sha512-9JQ4hEanM946uMvjg4a7uIhnAoGYE6lyxwDUlHw4j/o+8jYN49STc64G+s9Rj7iRw76tudqM2ejphBE+rzC0XQ=="
    },
    "@pixi/text-bitmap": {
      "version": "6.1.2",
      "resolved": "https://registry.npmjs.org/@pixi/text-bitmap/-/text-bitmap-6.1.2.tgz",
      "integrity": "sha512-QpvFC9izghqVo4zkj5mS6PmqKVtd8ArdapYxbxOVystE+gI8IKq7ZJgvvPuaj+9aqCUy20jiMPoLvfSyVGIhUg=="
    },
    "@pixi/ticker": {
      "version": "6.1.2",
      "resolved": "https://registry.npmjs.org/@pixi/ticker/-/ticker-6.1.2.tgz",
      "integrity": "sha512-E0S7wzcPPd+hOTghwZeozuXgMvKGa8Zg4+DhlkqBchHt2HDdDzxgy2ZbcyLczBBkuidEx+JRt+BUWBGv4hqZUA=="
    },
    "@pixi/utils": {
      "version": "6.1.2",
      "resolved": "https://registry.npmjs.org/@pixi/utils/-/utils-6.1.2.tgz",
      "integrity": "sha512-7lacouw8UPAQ0NbBbMEYOff/VRy0qVPV0VuAdKkmrlKu53n6NkocATnUGwdNOHmSNLMAgVu4e30ihwNORrRMAQ==",
      "requires": {
        "@types/earcut": "^2.1.0",
        "earcut": "^2.2.2",
        "eventemitter3": "^3.1.0",
        "url": "^0.11.0"
      }
    },
    "@types/earcut": {
      "version": "2.1.1",
      "resolved": "https://registry.npmjs.org/@types/earcut/-/earcut-2.1.1.tgz",
      "integrity": "sha512-w8oigUCDjElRHRRrMvn/spybSMyX8MTkKA5Dv+tS1IE/TgmNZPqUYtvYBXGY8cieSE66gm+szeK+bnbxC2xHTQ=="
    },
    "@types/raf": {
      "version": "3.4.0",
      "resolved": "https://registry.npmjs.org/@types/raf/-/raf-3.4.0.tgz",
      "integrity": "sha512-taW5/WYqo36N7V39oYyHP9Ipfd5pNFvGTIQsNGj86xV88YQ7GnI30/yMfKDF7Zgin0m3e+ikX88FvImnK4RjGw=="
    },
    "asn1.js": {
      "version": "5.4.1",
      "resolved": "https://registry.npmjs.org/asn1.js/-/asn1.js-5.4.1.tgz",
      "integrity": "sha512-+I//4cYPccV8LdmBLiX8CYvf9Sp3vQsrqu2QNXRcrbiWvcx/UdlFiqUJJzxRQxgsZmvhXhn4cSKeSmoFjVdupA==",
      "requires": {
        "bn.js": "^4.0.0",
        "inherits": "^2.0.1",
        "minimalistic-assert": "^1.0.0",
        "safer-buffer": "^2.1.0"
      },
      "dependencies": {
        "bn.js": {
          "version": "4.12.0",
          "resolved": "https://registry.npmjs.org/bn.js/-/bn.js-4.12.0.tgz",
          "integrity": "sha512-c98Bf3tPniI+scsdk237ku1Dc3ujXQTSgyiPUDEOe7tRkhrqridvh8klBv0HCEso1OLOYcHuCv/cS6DNxKH+ZA=="
        }
      }
    },
    "assert": {
      "version": "1.5.0",
      "resolved": "https://registry.npmjs.org/assert/-/assert-1.5.0.tgz",
      "integrity": "sha512-EDsgawzwoun2CZkCgtxJbv392v4nbk9XDD06zI+kQYoBM/3RBWLlEyJARDOmhAAosBjWACEkKL6S+lIZtcAubA==",
      "requires": {
        "object-assign": "^4.1.1",
        "util": "0.10.3"
      },
      "dependencies": {
        "util": {
          "version": "0.10.3",
          "resolved": "https://registry.npmjs.org/util/-/util-0.10.3.tgz",
          "integrity": "sha1-evsa/lCAUkZInj23/g7TeTNqwPk=",
          "requires": {
            "inherits": "2.0.1"
          }
        }
      }
    },
    "async-limiter": {
      "version": "1.0.1",
      "resolved": "https://registry.npmjs.org/async-limiter/-/async-limiter-1.0.1.tgz",
      "integrity": "sha512-csOlWGAcRFJaI6m+F2WKdnMKr4HhdhFVBk0H/QbJFMCr+uO2kwohwXQPxw/9OCxp05r5ghVBFSyioixx3gfkNQ=="
    },
    "base64-js": {
      "version": "1.5.1",
      "resolved": "https://registry.npmjs.org/base64-js/-/base64-js-1.5.1.tgz",
      "integrity": "sha512-AKpaYlHn8t4SVbOHCy+b5+KKgvR4vrsD8vbvrbiQJps7fKDTkjkDry6ji0rUJjC0kzbNePLwzxq8iypo41qeWA=="
    },
    "bn.js": {
      "version": "5.2.0",
      "resolved": "https://registry.npmjs.org/bn.js/-/bn.js-5.2.0.tgz",
      "integrity": "sha512-D7iWRBvnZE8ecXiLj/9wbxH7Tk79fAh8IHaTNq1RWRixsS02W+5qS+iE9yq6RYl0asXx5tw0bLhmT5pIfbSquw=="
    },
    "brorand": {
      "version": "1.1.0",
      "resolved": "https://registry.npmjs.org/brorand/-/brorand-1.1.0.tgz",
      "integrity": "sha1-EsJe/kCkXjwyPrhnWgoM5XsiNx8="
    },
    "browserify-aes": {
      "version": "1.2.0",
      "resolved": "https://registry.npmjs.org/browserify-aes/-/browserify-aes-1.2.0.tgz",
      "integrity": "sha512-+7CHXqGuspUn/Sl5aO7Ea0xWGAtETPXNSAjHo48JfLdPWcMng33Xe4znFvQweqc/uzk5zSOI3H52CYnjCfb5hA==",
      "requires": {
        "buffer-xor": "^1.0.3",
        "cipher-base": "^1.0.0",
        "create-hash": "^1.1.0",
        "evp_bytestokey": "^1.0.3",
        "inherits": "^2.0.1",
        "safe-buffer": "^5.0.1"
      }
    },
    "browserify-cipher": {
      "version": "1.0.1",
      "resolved": "https://registry.npmjs.org/browserify-cipher/-/browserify-cipher-1.0.1.tgz",
      "integrity": "sha512-sPhkz0ARKbf4rRQt2hTpAHqn47X3llLkUGn+xEJzLjwY8LRs2p0v7ljvI5EyoRO/mexrNunNECisZs+gw2zz1w==",
      "requires": {
        "browserify-aes": "^1.0.4",
        "browserify-des": "^1.0.0",
        "evp_bytestokey": "^1.0.0"
      }
    },
    "browserify-des": {
      "version": "1.0.2",
      "resolved": "https://registry.npmjs.org/browserify-des/-/browserify-des-1.0.2.tgz",
      "integrity": "sha512-BioO1xf3hFwz4kc6iBhI3ieDFompMhrMlnDFC4/0/vd5MokpuAc3R+LYbwTA9A5Yc9pq9UYPqffKpW2ObuwX5A==",
      "requires": {
        "cipher-base": "^1.0.1",
        "des.js": "^1.0.0",
        "inherits": "^2.0.1",
        "safe-buffer": "^5.1.2"
      }
    },
    "browserify-rsa": {
      "version": "4.1.0",
      "resolved": "https://registry.npmjs.org/browserify-rsa/-/browserify-rsa-4.1.0.tgz",
      "integrity": "sha512-AdEER0Hkspgno2aR97SAf6vi0y0k8NuOpGnVH3O99rcA5Q6sh8QxcngtHuJ6uXwnfAXNM4Gn1Gb7/MV1+Ymbog==",
      "requires": {
        "bn.js": "^5.0.0",
        "randombytes": "^2.0.1"
      }
    },
    "browserify-sign": {
      "version": "4.2.1",
      "resolved": "https://registry.npmjs.org/browserify-sign/-/browserify-sign-4.2.1.tgz",
      "integrity": "sha512-/vrA5fguVAKKAVTNJjgSm1tRQDHUU6DbwO9IROu/0WAzC8PKhucDSh18J0RMvVeHAn5puMd+QHC2erPRNf8lmg==",
      "requires": {
        "bn.js": "^5.1.1",
        "browserify-rsa": "^4.0.1",
        "create-hash": "^1.2.0",
        "create-hmac": "^1.1.7",
        "elliptic": "^6.5.3",
        "inherits": "^2.0.4",
        "parse-asn1": "^5.1.5",
        "readable-stream": "^3.6.0",
        "safe-buffer": "^5.2.0"
      },
      "dependencies": {
        "inherits": {
          "version": "2.0.4",
          "resolved": "https://registry.npmjs.org/inherits/-/inherits-2.0.4.tgz",
          "integrity": "sha512-k/vGaX4/Yla3WzyMCvTQOXYeIHvqOKtnqBduzTHpzpQZzAskKMhZ2K+EnBiSM9zGSoIFeMpXKxa4dYeZIQqewQ=="
        },
        "readable-stream": {
          "version": "3.6.0",
          "resolved": "https://registry.npmjs.org/readable-stream/-/readable-stream-3.6.0.tgz",
          "integrity": "sha512-BViHy7LKeTz4oNnkcLJ+lVSL6vpiFeX6/d3oSH8zCW7UxP2onchk+vTGB143xuFjHS3deTgkKoXXymXqymiIdA==",
          "requires": {
            "inherits": "^2.0.3",
            "string_decoder": "^1.1.1",
            "util-deprecate": "^1.0.1"
          }
        }
      }
    },
    "browserify-zlib": {
      "version": "0.2.0",
      "resolved": "https://registry.npmjs.org/browserify-zlib/-/browserify-zlib-0.2.0.tgz",
      "integrity": "sha512-Z942RysHXmJrhqk88FmKBVq/v5tqmSkDz7p54G/MGyjMnCFFnC79XWNbg+Vta8W6Wb2qtSZTSxIGkJrRpCFEiA==",
      "requires": {
        "pako": "~1.0.5"
      }
    },
    "buffer": {
      "version": "4.9.2",
      "resolved": "https://registry.npmjs.org/buffer/-/buffer-4.9.2.tgz",
      "integrity": "sha512-xq+q3SRMOxGivLhBNaUdC64hDTQwejJ+H0T/NB1XMtTVEwNTrfFF3gAxiyW0Bu/xWEGhjVKgUcMhCrUy2+uCWg==",
      "requires": {
        "base64-js": "^1.0.2",
        "ieee754": "^1.1.4",
        "isarray": "^1.0.0"
      }
    },
    "buffer-xor": {
      "version": "1.0.3",
      "resolved": "https://registry.npmjs.org/buffer-xor/-/buffer-xor-1.0.3.tgz",
      "integrity": "sha1-JuYe0UIvtw3ULm42cp7VHYVf6Nk="
    },
    "builtin-status-codes": {
      "version": "3.0.0",
      "resolved": "https://registry.npmjs.org/builtin-status-codes/-/builtin-status-codes-3.0.0.tgz",
      "integrity": "sha1-hZgoeOIbmOHGZCXgPQF0eI9Wnug="
    },
    "canvg": {
      "version": "3.0.9",
      "resolved": "https://registry.npmjs.org/canvg/-/canvg-3.0.9.tgz",
      "integrity": "sha512-rDXcnRPuz4QHoCilMeoTxql+fvGqNAxp+qV/KHD8rOiJSAfVjFclbdUNHD2Uqfthr+VMg17bD2bVuk6F07oLGw==",
      "requires": {
        "@babel/runtime": "^7.12.5",
        "@types/raf": "^3.4.0",
        "core-js": "^3.8.3",
        "raf": "^3.4.1",
        "regenerator-runtime": "^0.13.7",
        "rgbcolor": "^1.0.1",
        "stackblur-canvas": "^2.0.0",
        "svg-pathdata": "^6.0.3"
      }
    },
    "cipher-base": {
      "version": "1.0.4",
      "resolved": "https://registry.npmjs.org/cipher-base/-/cipher-base-1.0.4.tgz",
      "integrity": "sha512-Kkht5ye6ZGmwv40uUDZztayT2ThLQGfnj/T71N/XzeZeo3nf8foyW7zGTsPYkEya3m5f3cAypH+qe7YOrM1U2Q==",
      "requires": {
        "inherits": "^2.0.1",
        "safe-buffer": "^5.0.1"
      }
    },
    "console-browserify": {
      "version": "1.2.0",
      "resolved": "https://registry.npmjs.org/console-browserify/-/console-browserify-1.2.0.tgz",
      "integrity": "sha512-ZMkYO/LkF17QvCPqM0gxw8yUzigAOZOSWSHg91FH6orS7vcEj5dVZTidN2fQ14yBSdg97RqhSNwLUXInd52OTA=="
    },
    "constants-browserify": {
      "version": "1.0.0",
      "resolved": "https://registry.npmjs.org/constants-browserify/-/constants-browserify-1.0.0.tgz",
      "integrity": "sha1-wguW2MYXdIqvHBYCF2DNJ/y4y3U="
    },
    "core-js": {
      "version": "3.20.3",
      "resolved": "https://registry.npmjs.org/core-js/-/core-js-3.20.3.tgz",
      "integrity": "sha512-vVl8j8ph6tRS3B8qir40H7yw7voy17xL0piAjlbBUsH7WIfzoedL/ZOr1OV9FyZQLWXsayOJyV4tnRyXR85/ag=="
    },
    "core-util-is": {
      "version": "1.0.3",
      "resolved": "https://registry.npmjs.org/core-util-is/-/core-util-is-1.0.3.tgz",
      "integrity": "sha512-ZQBvi1DcpJ4GDqanjucZ2Hj3wEO5pZDS89BWbkcrvdxksJorwUDDZamX9ldFkp9aw2lmBDLgkObEA4DWNJ9FYQ=="
    },
    "create-ecdh": {
      "version": "4.0.4",
      "resolved": "https://registry.npmjs.org/create-ecdh/-/create-ecdh-4.0.4.tgz",
      "integrity": "sha512-mf+TCx8wWc9VpuxfP2ht0iSISLZnt0JgWlrOKZiNqyUZWnjIaCIVNQArMHnCZKfEYRg6IM7A+NeJoN8gf/Ws0A==",
      "requires": {
        "bn.js": "^4.1.0",
        "elliptic": "^6.5.3"
      },
      "dependencies": {
        "bn.js": {
          "version": "4.12.0",
          "resolved": "https://registry.npmjs.org/bn.js/-/bn.js-4.12.0.tgz",
          "integrity": "sha512-c98Bf3tPniI+scsdk237ku1Dc3ujXQTSgyiPUDEOe7tRkhrqridvh8klBv0HCEso1OLOYcHuCv/cS6DNxKH+ZA=="
        }
      }
    },
    "create-hash": {
      "version": "1.2.0",
      "resolved": "https://registry.npmjs.org/create-hash/-/create-hash-1.2.0.tgz",
      "integrity": "sha512-z00bCGNHDG8mHAkP7CtT1qVu+bFQUPjYq/4Iv3C3kWjTFV10zIjfSoeqXo9Asws8gwSHDGj/hl2u4OGIjapeCg==",
      "requires": {
        "cipher-base": "^1.0.1",
        "inherits": "^2.0.1",
        "md5.js": "^1.3.4",
        "ripemd160": "^2.0.1",
        "sha.js": "^2.4.0"
      }
    },
    "create-hmac": {
      "version": "1.1.7",
      "resolved": "https://registry.npmjs.org/create-hmac/-/create-hmac-1.1.7.tgz",
      "integrity": "sha512-MJG9liiZ+ogc4TzUwuvbER1JRdgvUFSB5+VR/g5h82fGaIRWMWddtKBHi7/sVhfjQZ6SehlyhvQYrcYkaUIpLg==",
      "requires": {
        "cipher-base": "^1.0.3",
        "create-hash": "^1.1.0",
        "inherits": "^2.0.1",
        "ripemd160": "^2.0.0",
        "safe-buffer": "^5.0.1",
        "sha.js": "^2.4.8"
      }
    },
    "crypto-browserify": {
      "version": "3.12.0",
      "resolved": "https://registry.npmjs.org/crypto-browserify/-/crypto-browserify-3.12.0.tgz",
      "integrity": "sha512-fz4spIh+znjO2VjL+IdhEpRJ3YN6sMzITSBijk6FK2UvTqruSQW+/cCZTSNsMiZNvUeq0CqurF+dAbyiGOY6Wg==",
      "requires": {
        "browserify-cipher": "^1.0.0",
        "browserify-sign": "^4.0.0",
        "create-ecdh": "^4.0.0",
        "create-hash": "^1.1.0",
        "create-hmac": "^1.1.0",
        "diffie-hellman": "^5.0.0",
        "inherits": "^2.0.1",
        "pbkdf2": "^3.0.3",
        "public-encrypt": "^4.0.0",
        "randombytes": "^2.0.0",
        "randomfill": "^1.0.3"
      }
    },
    "des.js": {
      "version": "1.0.1",
      "resolved": "https://registry.npmjs.org/des.js/-/des.js-1.0.1.tgz",
      "integrity": "sha512-Q0I4pfFrv2VPd34/vfLrFOoRmlYj3OV50i7fskps1jZWK1kApMWWT9G6RRUeYedLcBDIhnSDaUvJMb3AhUlaEA==",
      "requires": {
        "inherits": "^2.0.1",
        "minimalistic-assert": "^1.0.0"
      }
    },
    "diffie-hellman": {
      "version": "5.0.3",
      "resolved": "https://registry.npmjs.org/diffie-hellman/-/diffie-hellman-5.0.3.tgz",
      "integrity": "sha512-kqag/Nl+f3GwyK25fhUMYj81BUOrZ9IuJsjIcDE5icNM9FJHAVm3VcUDxdLPoQtTuUylWm6ZIknYJwwaPxsUzg==",
      "requires": {
        "bn.js": "^4.1.0",
        "miller-rabin": "^4.0.0",
        "randombytes": "^2.0.0"
      },
      "dependencies": {
        "bn.js": {
          "version": "4.12.0",
          "resolved": "https://registry.npmjs.org/bn.js/-/bn.js-4.12.0.tgz",
          "integrity": "sha512-c98Bf3tPniI+scsdk237ku1Dc3ujXQTSgyiPUDEOe7tRkhrqridvh8klBv0HCEso1OLOYcHuCv/cS6DNxKH+ZA=="
        }
      }
    },
    "domain-browser": {
      "version": "1.2.0",
      "resolved": "https://registry.npmjs.org/domain-browser/-/domain-browser-1.2.0.tgz",
      "integrity": "sha512-jnjyiM6eRyZl2H+W8Q/zLMA481hzi0eszAaBUzIVnmYVDBbnLxVNnfu1HgEBvCbL+71FrxMl3E6lpKH7Ge3OXA=="
    },
    "earcut": {
      "version": "2.2.3",
      "resolved": "https://registry.npmjs.org/earcut/-/earcut-2.2.3.tgz",
      "integrity": "sha512-iRDI1QeCQIhMCZk48DRDMVgQSSBDmbzzNhnxIo+pwx3swkfjMh6vh0nWLq1NdvGHLKH6wIrAM3vQWeTj6qeoug=="
    },
    "elliptic": {
      "version": "6.5.4",
      "resolved": "https://registry.npmjs.org/elliptic/-/elliptic-6.5.4.tgz",
      "integrity": "sha512-iLhC6ULemrljPZb+QutR5TQGB+pdW6KGD5RSegS+8sorOZT+rdQFbsQFJgvN3eRqNALqJer4oQ16YvJHlU8hzQ==",
      "requires": {
        "bn.js": "^4.11.9",
        "brorand": "^1.1.0",
        "hash.js": "^1.0.0",
        "hmac-drbg": "^1.0.1",
        "inherits": "^2.0.4",
        "minimalistic-assert": "^1.0.1",
        "minimalistic-crypto-utils": "^1.0.1"
      },
      "dependencies": {
        "bn.js": {
          "version": "4.12.0",
          "resolved": "https://registry.npmjs.org/bn.js/-/bn.js-4.12.0.tgz",
          "integrity": "sha512-c98Bf3tPniI+scsdk237ku1Dc3ujXQTSgyiPUDEOe7tRkhrqridvh8klBv0HCEso1OLOYcHuCv/cS6DNxKH+ZA=="
        },
        "inherits": {
          "version": "2.0.4",
          "resolved": "https://registry.npmjs.org/inherits/-/inherits-2.0.4.tgz",
          "integrity": "sha512-k/vGaX4/Yla3WzyMCvTQOXYeIHvqOKtnqBduzTHpzpQZzAskKMhZ2K+EnBiSM9zGSoIFeMpXKxa4dYeZIQqewQ=="
        }
      }
    },
    "eventemitter3": {
      "version": "3.1.2",
      "resolved": "https://registry.npmjs.org/eventemitter3/-/eventemitter3-3.1.2.tgz",
      "integrity": "sha512-tvtQIeLVHjDkJYnzf2dgVMxfuSGJeM/7UCG17TT4EumTfNtF+0nebF/4zWOIkCreAbtNqhGEboB6BWrwqNaw4Q=="
    },
    "events": {
      "version": "3.3.0",
      "resolved": "https://registry.npmjs.org/events/-/events-3.3.0.tgz",
      "integrity": "sha512-mQw+2fkQbALzQ7V0MY0IqdnXNOeTtP4r0lN9z7AAawCXgqea7bDii20AYrIBrFd/Hx0M2Ocz6S111CaFkUcb0Q=="
    },
    "evp_bytestokey": {
      "version": "1.0.3",
      "resolved": "https://registry.npmjs.org/evp_bytestokey/-/evp_bytestokey-1.0.3.tgz",
      "integrity": "sha512-/f2Go4TognH/KvCISP7OUsHn85hT9nUkxxA9BEWxFn+Oj9o8ZNLm/40hdlgSLyuOimsrTKLUMEorQexp/aPQeA==",
      "requires": {
        "md5.js": "^1.3.4",
        "safe-buffer": "^5.1.1"
      }
    },
    "fontfaceobserver": {
      "version": "2.1.0",
      "resolved": "https://registry.npmjs.org/fontfaceobserver/-/fontfaceobserver-2.1.0.tgz",
      "integrity": "sha512-ReOsO2F66jUa0jmv2nlM/s1MiutJx/srhAe2+TE8dJCMi02ZZOcCTxTCQFr3Yet+uODUtnr4Mewg+tNQ+4V1Ng=="
    },
    "hash-base": {
      "version": "3.1.0",
      "resolved": "https://registry.npmjs.org/hash-base/-/hash-base-3.1.0.tgz",
      "integrity": "sha512-1nmYp/rhMDiE7AYkDw+lLwlAzz0AntGIe51F3RfFfEqyQ3feY2eI/NcwC6umIQVOASPMsWJLJScWKSSvzL9IVA==",
      "requires": {
        "inherits": "^2.0.4",
        "readable-stream": "^3.6.0",
        "safe-buffer": "^5.2.0"
      },
      "dependencies": {
        "inherits": {
          "version": "2.0.4",
          "resolved": "https://registry.npmjs.org/inherits/-/inherits-2.0.4.tgz",
          "integrity": "sha512-k/vGaX4/Yla3WzyMCvTQOXYeIHvqOKtnqBduzTHpzpQZzAskKMhZ2K+EnBiSM9zGSoIFeMpXKxa4dYeZIQqewQ=="
        },
        "readable-stream": {
          "version": "3.6.0",
          "resolved": "https://registry.npmjs.org/readable-stream/-/readable-stream-3.6.0.tgz",
          "integrity": "sha512-BViHy7LKeTz4oNnkcLJ+lVSL6vpiFeX6/d3oSH8zCW7UxP2onchk+vTGB143xuFjHS3deTgkKoXXymXqymiIdA==",
          "requires": {
            "inherits": "^2.0.3",
            "string_decoder": "^1.1.1",
            "util-deprecate": "^1.0.1"
          }
        }
      }
    },
    "hash.js": {
      "version": "1.1.7",
      "resolved": "https://registry.npmjs.org/hash.js/-/hash.js-1.1.7.tgz",
      "integrity": "sha512-taOaskGt4z4SOANNseOviYDvjEJinIkRgmp7LbKP2YTTmVxWBl87s/uzK9r+44BclBSp2X7K1hqeNfz9JbBeXA==",
      "requires": {
        "inherits": "^2.0.3",
        "minimalistic-assert": "^1.0.1"
      },
      "dependencies": {
        "inherits": {
          "version": "2.0.4",
          "resolved": "https://registry.npmjs.org/inherits/-/inherits-2.0.4.tgz",
          "integrity": "sha512-k/vGaX4/Yla3WzyMCvTQOXYeIHvqOKtnqBduzTHpzpQZzAskKMhZ2K+EnBiSM9zGSoIFeMpXKxa4dYeZIQqewQ=="
        }
      }
    },
    "hmac-drbg": {
      "version": "1.0.1",
      "resolved": "https://registry.npmjs.org/hmac-drbg/-/hmac-drbg-1.0.1.tgz",
      "integrity": "sha1-0nRXAQJabHdabFRXk+1QL8DGSaE=",
      "requires": {
        "hash.js": "^1.0.3",
        "minimalistic-assert": "^1.0.0",
        "minimalistic-crypto-utils": "^1.0.1"
      }
    },
    "https-browserify": {
      "version": "1.0.0",
      "resolved": "https://registry.npmjs.org/https-browserify/-/https-browserify-1.0.0.tgz",
      "integrity": "sha1-7AbBDgo0wPL68Zn3/X/Hj//QPHM="
    },
    "ieee754": {
      "version": "1.2.1",
      "resolved": "https://registry.npmjs.org/ieee754/-/ieee754-1.2.1.tgz",
      "integrity": "sha512-dcyqhDvX1C46lXZcVqCpK+FtMRQVdIMN6/Df5js2zouUsqG7I6sFxitIC+7KYK29KdXOLHdu9zL4sFnoVQnqaA=="
    },
    "inherits": {
      "version": "2.0.1",
      "resolved": "https://registry.npmjs.org/inherits/-/inherits-2.0.1.tgz",
      "integrity": "sha1-sX0I0ya0Qj5Wjv9xn5GwscvfafE="
    },
    "isarray": {
      "version": "1.0.0",
      "resolved": "https://registry.npmjs.org/isarray/-/isarray-1.0.0.tgz",
      "integrity": "sha1-u5NdSFgsuhaMBoNJV6VKPgcSTxE="
    },
    "isexe": {
      "version": "2.0.0",
      "resolved": "https://registry.npmjs.org/isexe/-/isexe-2.0.0.tgz",
      "integrity": "sha1-6PvzdNxVb/iUehDcsFctYz8s+hA="
    },
    "ismobilejs": {
      "version": "1.1.1",
      "resolved": "https://registry.npmjs.org/ismobilejs/-/ismobilejs-1.1.1.tgz",
      "integrity": "sha512-VaFW53yt8QO61k2WJui0dHf4SlL8lxBofUuUmwBo0ljPk0Drz2TiuDW4jo3wDcv41qy/SxrJ+VAzJ/qYqsmzRw=="
    },
    "md5.js": {
      "version": "1.3.5",
      "resolved": "https://registry.npmjs.org/md5.js/-/md5.js-1.3.5.tgz",
      "integrity": "sha512-xitP+WxNPcTTOgnTJcrhM0xvdPepipPSf3I8EIpGKeFLjt3PlJLIDG3u8EX53ZIubkb+5U2+3rELYpEhHhzdkg==",
      "requires": {
        "hash-base": "^3.0.0",
        "inherits": "^2.0.1",
        "safe-buffer": "^5.1.2"
      }
    },
    "miller-rabin": {
      "version": "4.0.1",
      "resolved": "https://registry.npmjs.org/miller-rabin/-/miller-rabin-4.0.1.tgz",
      "integrity": "sha512-115fLhvZVqWwHPbClyntxEVfVDfl9DLLTuJvq3g2O/Oxi8AiNouAHvDSzHS0viUJc+V5vm3eq91Xwqn9dp4jRA==",
      "requires": {
        "bn.js": "^4.0.0",
        "brorand": "^1.0.1"
      },
      "dependencies": {
        "bn.js": {
          "version": "4.12.0",
          "resolved": "https://registry.npmjs.org/bn.js/-/bn.js-4.12.0.tgz",
          "integrity": "sha512-c98Bf3tPniI+scsdk237ku1Dc3ujXQTSgyiPUDEOe7tRkhrqridvh8klBv0HCEso1OLOYcHuCv/cS6DNxKH+ZA=="
        }
      }
    },
    "minimalistic-assert": {
      "version": "1.0.1",
      "resolved": "https://registry.npmjs.org/minimalistic-assert/-/minimalistic-assert-1.0.1.tgz",
      "integrity": "sha512-UtJcAD4yEaGtjPezWuO9wC4nwUnVH/8/Im3yEHQP4b67cXlD/Qr9hdITCU1xDbSEXg2XKNaP8jsReV7vQd00/A=="
    },
    "minimalistic-crypto-utils": {
      "version": "1.0.1",
      "resolved": "https://registry.npmjs.org/minimalistic-crypto-utils/-/minimalistic-crypto-utils-1.0.1.tgz",
      "integrity": "sha1-9sAMHAsIIkblxNmd+4x8CDsrWCo="
    },
    "node-libs-browser": {
      "version": "2.2.1",
      "resolved": "https://registry.npmjs.org/node-libs-browser/-/node-libs-browser-2.2.1.tgz",
      "integrity": "sha512-h/zcD8H9kaDZ9ALUWwlBUDo6TKF8a7qBSCSEGfjTVIYeqsioSKaAX+BN7NgiMGp6iSIXZ3PxgCu8KS3b71YK5Q==",
      "requires": {
        "assert": "^1.1.1",
        "browserify-zlib": "^0.2.0",
        "buffer": "^4.3.0",
        "console-browserify": "^1.1.0",
        "constants-browserify": "^1.0.0",
        "crypto-browserify": "^3.11.0",
        "domain-browser": "^1.1.1",
        "events": "^3.0.0",
        "https-browserify": "^1.0.0",
        "os-browserify": "^0.3.0",
        "path-browserify": "0.0.1",
        "process": "^0.11.10",
        "punycode": "^1.2.4",
        "querystring-es3": "^0.2.0",
        "readable-stream": "^2.3.3",
        "stream-browserify": "^2.0.1",
        "stream-http": "^2.7.2",
        "string_decoder": "^1.0.0",
        "timers-browserify": "^2.0.4",
        "tty-browserify": "0.0.0",
        "url": "^0.11.0",
        "util": "^0.11.0",
        "vm-browserify": "^1.0.1"
      }
    },
    "object-assign": {
      "version": "4.1.1",
      "resolved": "https://registry.npmjs.org/object-assign/-/object-assign-4.1.1.tgz",
      "integrity": "sha1-IQmtx5ZYh8/AXLvUQsrIv7s2CGM="
    },
    "os-browserify": {
      "version": "0.3.0",
      "resolved": "https://registry.npmjs.org/os-browserify/-/os-browserify-0.3.0.tgz",
      "integrity": "sha1-hUNzx/XCMVkU/Jv8a9gjj92h7Cc="
    },
    "p5": {
      "version": "1.4.0",
      "resolved": "https://registry.npmjs.org/p5/-/p5-1.4.0.tgz",
      "integrity": "sha512-U888W2ChcIzPhRhnv4FkNhaa4f5BDIWZfLhzvx9ZrQ5KtkZr/+o1UPIicV3yWTRy0HEG23NviHyDR3kgjaJ9wA=="
    },
    "pako": {
      "version": "1.0.11",
      "resolved": "https://registry.npmjs.org/pako/-/pako-1.0.11.tgz",
      "integrity": "sha512-4hLB8Py4zZce5s4yd9XzopqwVv/yGNhV1Bl8NTmCq1763HeK2+EwVTv+leGeL13Dnh2wfbqowVPXCIO0z4taYw=="
    },
    "parse-asn1": {
      "version": "5.1.6",
      "resolved": "https://registry.npmjs.org/parse-asn1/-/parse-asn1-5.1.6.tgz",
      "integrity": "sha512-RnZRo1EPU6JBnra2vGHj0yhp6ebyjBZpmUCLHWiFhxlzvBCCpAuZ7elsBp1PVAbQN0/04VD/19rfzlBSwLstMw==",
      "requires": {
        "asn1.js": "^5.2.0",
        "browserify-aes": "^1.0.0",
        "evp_bytestokey": "^1.0.0",
        "pbkdf2": "^3.0.3",
        "safe-buffer": "^5.1.1"
      }
    },
    "path-browserify": {
      "version": "0.0.1",
      "resolved": "https://registry.npmjs.org/path-browserify/-/path-browserify-0.0.1.tgz",
      "integrity": "sha512-BapA40NHICOS+USX9SN4tyhq+A2RrN/Ws5F0Z5aMHDp98Fl86lX8Oti8B7uN93L4Ifv4fHOEA+pQw87gmMO/lQ=="
    },
    "pbkdf2": {
      "version": "3.1.2",
      "resolved": "https://registry.npmjs.org/pbkdf2/-/pbkdf2-3.1.2.tgz",
      "integrity": "sha512-iuh7L6jA7JEGu2WxDwtQP1ddOpaJNC4KlDEFfdQajSGgGPNi4OyDc2R7QnbY2bR9QjBVGwgvTdNJZoE7RaxUMA==",
      "requires": {
        "create-hash": "^1.1.2",
        "create-hmac": "^1.1.4",
        "ripemd160": "^2.0.1",
        "safe-buffer": "^5.0.1",
        "sha.js": "^2.4.8"
      }
    },
    "performance-now": {
      "version": "2.1.0",
      "resolved": "https://registry.npmjs.org/performance-now/-/performance-now-2.1.0.tgz",
      "integrity": "sha1-Ywn04OX6kT7BxpMHrjZLSzd8nns="
    },
    "pixi.js": {
      "version": "6.1.2",
      "resolved": "https://registry.npmjs.org/pixi.js/-/pixi.js-6.1.2.tgz",
      "integrity": "sha512-i6MWxeRtgGGIEa58KXHG2/1QZmFxrkmieQMtr5+Bs5Eje5vBaQqmmBcysnSTpYuIlxGnmXXmawf/9cd4aFNTCA==",
      "requires": {
        "@pixi/accessibility": "6.1.2",
        "@pixi/app": "6.1.2",
        "@pixi/compressed-textures": "6.1.2",
        "@pixi/constants": "6.1.2",
        "@pixi/core": "6.1.2",
        "@pixi/display": "6.1.2",
        "@pixi/extract": "6.1.2",
        "@pixi/filter-alpha": "6.1.2",
        "@pixi/filter-blur": "6.1.2",
        "@pixi/filter-color-matrix": "6.1.2",
        "@pixi/filter-displacement": "6.1.2",
        "@pixi/filter-fxaa": "6.1.2",
        "@pixi/filter-noise": "6.1.2",
        "@pixi/graphics": "6.1.2",
        "@pixi/interaction": "6.1.2",
        "@pixi/loaders": "6.1.2",
        "@pixi/math": "6.1.2",
        "@pixi/mesh": "6.1.2",
        "@pixi/mesh-extras": "6.1.2",
        "@pixi/mixin-cache-as-bitmap": "6.1.2",
        "@pixi/mixin-get-child-by-name": "6.1.2",
        "@pixi/mixin-get-global-position": "6.1.2",
        "@pixi/particle-container": "6.1.2",
        "@pixi/polyfill": "6.1.2",
        "@pixi/prepare": "6.1.2",
        "@pixi/runner": "6.1.2",
        "@pixi/settings": "6.1.2",
        "@pixi/sprite": "6.1.2",
        "@pixi/sprite-animated": "6.1.2",
        "@pixi/sprite-tiling": "6.1.2",
        "@pixi/spritesheet": "6.1.2",
        "@pixi/text": "6.1.2",
        "@pixi/text-bitmap": "6.1.2",
        "@pixi/ticker": "6.1.2",
        "@pixi/utils": "6.1.2"
      }
    },
    "process": {
      "version": "0.11.10",
      "resolved": "https://registry.npmjs.org/process/-/process-0.11.10.tgz",
      "integrity": "sha1-czIwDoQBYb2j5podHZGn1LwW8YI="
    },
    "process-nextick-args": {
      "version": "2.0.1",
      "resolved": "https://registry.npmjs.org/process-nextick-args/-/process-nextick-args-2.0.1.tgz",
      "integrity": "sha512-3ouUOpQhtgrbOa17J7+uxOTpITYWaGP7/AhoR3+A+/1e9skrzelGi/dXzEYyvbxubEF6Wn2ypscTKiKJFFn1ag=="
    },
    "promise-polyfill": {
      "version": "8.2.0",
      "resolved": "https://registry.npmjs.org/promise-polyfill/-/promise-polyfill-8.2.0.tgz",
      "integrity": "sha512-k/TC0mIcPVF6yHhUvwAp7cvL6I2fFV7TzF1DuGPI8mBh4QQazf36xCKEHKTZKRysEoTQoQdKyP25J8MPJp7j5g=="
    },
    "public-encrypt": {
      "version": "4.0.3",
      "resolved": "https://registry.npmjs.org/public-encrypt/-/public-encrypt-4.0.3.tgz",
      "integrity": "sha512-zVpa8oKZSz5bTMTFClc1fQOnyyEzpl5ozpi1B5YcvBrdohMjH2rfsBtyXcuNuwjsDIXmBYlF2N5FlJYhR29t8Q==",
      "requires": {
        "bn.js": "^4.1.0",
        "browserify-rsa": "^4.0.0",
        "create-hash": "^1.1.0",
        "parse-asn1": "^5.0.0",
        "randombytes": "^2.0.1",
        "safe-buffer": "^5.1.2"
      },
      "dependencies": {
        "bn.js": {
          "version": "4.12.0",
          "resolved": "https://registry.npmjs.org/bn.js/-/bn.js-4.12.0.tgz",
          "integrity": "sha512-c98Bf3tPniI+scsdk237ku1Dc3ujXQTSgyiPUDEOe7tRkhrqridvh8klBv0HCEso1OLOYcHuCv/cS6DNxKH+ZA=="
        }
      }
    },
    "punycode": {
      "version": "1.3.2",
      "resolved": "https://registry.npmjs.org/punycode/-/punycode-1.3.2.tgz",
      "integrity": "sha1-llOgNvt8HuQjQvIyXM7v6jkmxI0="
    },
    "querystring": {
      "version": "0.2.0",
      "resolved": "https://registry.npmjs.org/querystring/-/querystring-0.2.0.tgz",
      "integrity": "sha1-sgmEkgO7Jd+CDadW50cAWHhSFiA="
    },
    "querystring-es3": {
      "version": "0.2.1",
      "resolved": "https://registry.npmjs.org/querystring-es3/-/querystring-es3-0.2.1.tgz",
      "integrity": "sha1-nsYfeQSYdXB9aUFFlv2Qek1xHnM="
    },
    "raf": {
      "version": "3.4.1",
      "resolved": "https://registry.npmjs.org/raf/-/raf-3.4.1.tgz",
      "integrity": "sha512-Sq4CW4QhwOHE8ucn6J34MqtZCeWFP2aQSmrlroYgqAV1PjStIhJXxYuTgUIfkEk7zTLjmIjLmU5q+fbD1NnOJA==",
      "requires": {
        "performance-now": "^2.1.0"
      }
    },
    "randombytes": {
      "version": "2.1.0",
      "resolved": "https://registry.npmjs.org/randombytes/-/randombytes-2.1.0.tgz",
      "integrity": "sha512-vYl3iOX+4CKUWuxGi9Ukhie6fsqXqS9FE2Zaic4tNFD2N2QQaXOMFbuKK4QmDHC0JO6B1Zp41J0LpT0oR68amQ==",
      "requires": {
        "safe-buffer": "^5.1.0"
      }
    },
    "randomfill": {
      "version": "1.0.4",
      "resolved": "https://registry.npmjs.org/randomfill/-/randomfill-1.0.4.tgz",
      "integrity": "sha512-87lcbR8+MhcWcUiQ+9e+Rwx8MyR2P7qnt15ynUlbm3TU/fjbgz4GsvfSUDTemtCCtVCqb4ZcEFlyPNTh9bBTLw==",
      "requires": {
        "randombytes": "^2.0.5",
        "safe-buffer": "^5.1.0"
      }
    },
    "readable-stream": {
      "version": "2.3.7",
      "resolved": "https://registry.npmjs.org/readable-stream/-/readable-stream-2.3.7.tgz",
      "integrity": "sha512-Ebho8K4jIbHAxnuxi7o42OrZgF/ZTNcsZj6nRKyUmkhLFq8CHItp/fy6hQZuZmP/n3yZ9VBUbp4zz/mX8hmYPw==",
      "requires": {
        "core-util-is": "~1.0.0",
        "inherits": "~2.0.3",
        "isarray": "~1.0.0",
        "process-nextick-args": "~2.0.0",
        "safe-buffer": "~5.1.1",
        "string_decoder": "~1.1.1",
        "util-deprecate": "~1.0.1"
      },
      "dependencies": {
        "inherits": {
          "version": "2.0.4",
          "resolved": "https://registry.npmjs.org/inherits/-/inherits-2.0.4.tgz",
          "integrity": "sha512-k/vGaX4/Yla3WzyMCvTQOXYeIHvqOKtnqBduzTHpzpQZzAskKMhZ2K+EnBiSM9zGSoIFeMpXKxa4dYeZIQqewQ=="
        },
        "safe-buffer": {
          "version": "5.1.2",
          "resolved": "https://registry.npmjs.org/safe-buffer/-/safe-buffer-5.1.2.tgz",
          "integrity": "sha512-Gd2UZBJDkXlY7GbJxfsE8/nvKkUEU1G38c1siN6QP6a9PT9MmHB8GnpscSmMJSoF8LOIrt8ud/wPtojys4G6+g=="
        },
        "string_decoder": {
          "version": "1.1.1",
          "resolved": "https://registry.npmjs.org/string_decoder/-/string_decoder-1.1.1.tgz",
          "integrity": "sha512-n/ShnvDi6FHbbVfviro+WojiFzv+s8MPMHBczVePfUpDJLwoLT0ht1l4YwBCbi8pJAveEEdnkHyPyTP/mzRfwg==",
          "requires": {
            "safe-buffer": "~5.1.0"
          }
        }
      }
    },
    "readline-sync": {
      "version": "1.4.10",
      "resolved": "https://registry.npmjs.org/readline-sync/-/readline-sync-1.4.10.tgz",
      "integrity": "sha512-gNva8/6UAe8QYepIQH/jQ2qn91Qj0B9sYjMBBs3QOB8F2CXcKgLxQaJRP76sWVRQt+QU+8fAkCbCvjjMFu7Ycw=="
    },
    "regenerator-runtime": {
      "version": "0.13.9",
      "resolved": "https://registry.npmjs.org/regenerator-runtime/-/regenerator-runtime-0.13.9.tgz",
      "integrity": "sha512-p3VT+cOEgxFsRRA9X4lkI1E+k2/CtnKtU4gcxyaCUreilL/vqI6CdZ3wxVUx3UOUg+gnUOQQcRI7BmSI656MYA=="
    },
    "rgbcolor": {
      "version": "1.0.1",
      "resolved": "https://registry.npmjs.org/rgbcolor/-/rgbcolor-1.0.1.tgz",
      "integrity": "sha1-1lBezbMEplldom+ktDMHMGd1lF0="
    },
    "ripemd160": {
      "version": "2.0.2",
      "resolved": "https://registry.npmjs.org/ripemd160/-/ripemd160-2.0.2.tgz",
      "integrity": "sha512-ii4iagi25WusVoiC4B4lq7pbXfAp3D9v5CwfkY33vffw2+pkDjY1D8GaN7spsxvCSx8dkPqOZCEZyfxcmJG2IA==",
      "requires": {
        "hash-base": "^3.0.0",
        "inherits": "^2.0.1"
      }
    },
    "safe-buffer": {
      "version": "5.2.1",
      "resolved": "https://registry.npmjs.org/safe-buffer/-/safe-buffer-5.2.1.tgz",
      "integrity": "sha512-rp3So07KcdmmKbGvgaNxQSJr7bGVSVk5S9Eq1F+ppbRo70+YeaDxkw5Dd8NPN+GD6bjnYm2VuPuCXmpuYvmCXQ=="
    },
    "safer-buffer": {
      "version": "2.1.2",
      "resolved": "https://registry.npmjs.org/safer-buffer/-/safer-buffer-2.1.2.tgz",
      "integrity": "sha512-YZo3K82SD7Riyi0E1EQPojLz7kpepnSQI9IyPbHHg1XXXevb5dJI7tpyN2ADxGcQbHG7vcyRHk0cbwqcQriUtg=="
    },
    "setimmediate": {
      "version": "1.0.5",
      "resolved": "https://registry.npmjs.org/setimmediate/-/setimmediate-1.0.5.tgz",
      "integrity": "sha1-KQy7Iy4waULX1+qbg3Mqt4VvgoU="
    },
    "sha.js": {
      "version": "2.4.11",
      "resolved": "https://registry.npmjs.org/sha.js/-/sha.js-2.4.11.tgz",
      "integrity": "sha512-QMEp5B7cftE7APOjk5Y6xgrbWu+WkLVQwk8JNjZ8nKRciZaByEW6MubieAiToS7+dwvrjGhH8jRXz3MVd0AYqQ==",
      "requires": {
        "inherits": "^2.0.1",
        "safe-buffer": "^5.0.1"
      }
    },
    "shadow-cljs": {
      "version": "2.14.4",
      "resolved": "https://registry.npmjs.org/shadow-cljs/-/shadow-cljs-2.14.4.tgz",
      "integrity": "sha512-F76fjJ6ghrIJWbK2kcgZYBGjjYCTACn7iW7+lN9ruIJjI2kVd7X79lMtt/kygiQav1JWjx0oCLNMK9IVx06riA==",
      "requires": {
        "node-libs-browser": "^2.2.1",
        "readline-sync": "^1.4.7",
        "shadow-cljs-jar": "1.3.2",
        "source-map-support": "^0.4.15",
        "which": "^1.3.1",
        "ws": "^3.0.0"
      }
    },
    "shadow-cljs-jar": {
      "version": "1.3.2",
      "resolved": "https://registry.npmjs.org/shadow-cljs-jar/-/shadow-cljs-jar-1.3.2.tgz",
      "integrity": "sha512-XmeffAZHv8z7451kzeq9oKh8fh278Ak+UIOGGrapyqrFBB773xN8vMQ3O7J7TYLnb9BUwcqadKkmgaq7q6fhZg=="
    },
    "source-map": {
      "version": "0.5.7",
      "resolved": "https://registry.npmjs.org/source-map/-/source-map-0.5.7.tgz",
      "integrity": "sha1-igOdLRAh0i0eoUyA2OpGi6LvP8w="
    },
    "source-map-support": {
      "version": "0.4.18",
      "resolved": "https://registry.npmjs.org/source-map-support/-/source-map-support-0.4.18.tgz",
      "integrity": "sha512-try0/JqxPLF9nOjvSta7tVondkP5dwgyLDjVoyMDlmjugT2lRZ1OfsrYTkCd2hkDnJTKRbO/Rl3orm8vlsUzbA==",
      "requires": {
        "source-map": "^0.5.6"
      }
    },
    "stackblur-canvas": {
      "version": "2.5.0",
      "resolved": "https://registry.npmjs.org/stackblur-canvas/-/stackblur-canvas-2.5.0.tgz",
      "integrity": "sha512-EeNzTVfj+1In7aSLPKDD03F/ly4RxEuF/EX0YcOG0cKoPXs+SLZxDawQbexQDBzwROs4VKLWTOaZQlZkGBFEIQ=="
    },
    "stream-browserify": {
      "version": "2.0.2",
      "resolved": "https://registry.npmjs.org/stream-browserify/-/stream-browserify-2.0.2.tgz",
      "integrity": "sha512-nX6hmklHs/gr2FuxYDltq8fJA1GDlxKQCz8O/IM4atRqBH8OORmBNgfvW5gG10GT/qQ9u0CzIvr2X5Pkt6ntqg==",
      "requires": {
        "inherits": "~2.0.1",
        "readable-stream": "^2.0.2"
      }
    },
    "stream-http": {
      "version": "2.8.3",
      "resolved": "https://registry.npmjs.org/stream-http/-/stream-http-2.8.3.tgz",
      "integrity": "sha512-+TSkfINHDo4J+ZobQLWiMouQYB+UVYFttRA94FpEzzJ7ZdqcL4uUUQ7WkdkI4DSozGmgBUE/a47L+38PenXhUw==",
      "requires": {
        "builtin-status-codes": "^3.0.0",
        "inherits": "^2.0.1",
        "readable-stream": "^2.3.6",
        "to-arraybuffer": "^1.0.0",
        "xtend": "^4.0.0"
      }
    },
    "string_decoder": {
      "version": "1.3.0",
      "resolved": "https://registry.npmjs.org/string_decoder/-/string_decoder-1.3.0.tgz",
      "integrity": "sha512-hkRX8U1WjJFd8LsDJ2yQ/wWWxaopEsABU1XfkM8A+j0+85JAGppt16cr1Whg6KIbb4okU6Mql6BOj+uup/wKeA==",
      "requires": {
        "safe-buffer": "~5.2.0"
      }
    },
    "svg-pathdata": {
      "version": "6.0.3",
      "resolved": "https://registry.npmjs.org/svg-pathdata/-/svg-pathdata-6.0.3.tgz",
      "integrity": "sha512-qsjeeq5YjBZ5eMdFuUa4ZosMLxgr5RZ+F+Y1OrDhuOCEInRMA3x74XdBtggJcj9kOeInz0WE+LgCPDkZFlBYJw=="
    },
    "timers-browserify": {
      "version": "2.0.12",
      "resolved": "https://registry.npmjs.org/timers-browserify/-/timers-browserify-2.0.12.tgz",
      "integrity": "sha512-9phl76Cqm6FhSX9Xe1ZUAMLtm1BLkKj2Qd5ApyWkXzsMRaA7dgr81kf4wJmQf/hAvg8EEyJxDo3du/0KlhPiKQ==",
      "requires": {
        "setimmediate": "^1.0.4"
      }
    },
    "to-arraybuffer": {
      "version": "1.0.1",
      "resolved": "https://registry.npmjs.org/to-arraybuffer/-/to-arraybuffer-1.0.1.tgz",
      "integrity": "sha1-fSKbH8xjfkZsoIEYCDanqr/4P0M="
    },
    "tty-browserify": {
      "version": "0.0.0",
      "resolved": "https://registry.npmjs.org/tty-browserify/-/tty-browserify-0.0.0.tgz",
      "integrity": "sha1-oVe6QC2iTpv5V/mqadUk7tQpAaY="
    },
    "ultron": {
      "version": "1.1.1",
      "resolved": "https://registry.npmjs.org/ultron/-/ultron-1.1.1.tgz",
      "integrity": "sha512-UIEXBNeYmKptWH6z8ZnqTeS8fV74zG0/eRU9VGkpzz+LIJNs8W/zM/L+7ctCkRrgbNnnR0xxw4bKOr0cW0N0Og=="
    },
    "url": {
      "version": "0.11.0",
      "resolved": "https://registry.npmjs.org/url/-/url-0.11.0.tgz",
      "integrity": "sha1-ODjpfPxgUh63PFJajlW/3Z4uKPE=",
      "requires": {
        "punycode": "1.3.2",
        "querystring": "0.2.0"
      }
    },
    "util": {
      "version": "0.11.1",
      "resolved": "https://registry.npmjs.org/util/-/util-0.11.1.tgz",
      "integrity": "sha512-HShAsny+zS2TZfaXxD9tYj4HQGlBezXZMZuM/S5PKLLoZkShZiGk9o5CzukI1LVHZvjdvZ2Sj1aW/Ndn2NB/HQ==",
      "requires": {
        "inherits": "2.0.3"
      },
      "dependencies": {
        "inherits": {
          "version": "2.0.3",
          "resolved": "https://registry.npmjs.org/inherits/-/inherits-2.0.3.tgz",
          "integrity": "sha1-Yzwsg+PaQqUC9SRmAiSA9CCCYd4="
        }
      }
    },
    "util-deprecate": {
      "version": "1.0.2",
      "resolved": "https://registry.npmjs.org/util-deprecate/-/util-deprecate-1.0.2.tgz",
      "integrity": "sha1-RQ1Nyfpw3nMnYvvS1KKJgUGaDM8="
    },
    "vm-browserify": {
      "version": "1.1.2",
      "resolved": "https://registry.npmjs.org/vm-browserify/-/vm-browserify-1.1.2.tgz",
      "integrity": "sha512-2ham8XPWTONajOR0ohOKOHXkm3+gaBmGut3SRuu75xLd/RRaY6vqgh8NBYYk7+RW3u5AtzPQZG8F10LHkl0lAQ=="
    },
    "which": {
      "version": "1.3.1",
      "resolved": "https://registry.npmjs.org/which/-/which-1.3.1.tgz",
      "integrity": "sha512-HxJdYWq1MTIQbJ3nw0cqssHoTNU267KlrDuGZ1WYlxDStUtKUhOaJmh112/TZmHxxUfuJqPXSOm7tDyas0OSIQ==",
      "requires": {
        "isexe": "^2.0.0"
      }
    },
    "ws": {
      "version": "3.3.3",
      "resolved": "https://registry.npmjs.org/ws/-/ws-3.3.3.tgz",
      "integrity": "sha512-nnWLa/NwZSt4KQJu51MYlCcSQ5g7INpOrOMt4XV8j4dqTXdmlUmSHQ8/oLC069ckre0fRsgfvsKwbTdtKLCDkA==",
      "requires": {
        "async-limiter": "~1.0.0",
        "safe-buffer": "~5.1.0",
        "ultron": "~1.1.0"
      },
      "dependencies": {
        "safe-buffer": {
          "version": "5.1.2",
          "resolved": "https://registry.npmjs.org/safe-buffer/-/safe-buffer-5.1.2.tgz",
          "integrity": "sha512-Gd2UZBJDkXlY7GbJxfsE8/nvKkUEU1G38c1siN6QP6a9PT9MmHB8GnpscSmMJSoF8LOIrt8ud/wPtojys4G6+g=="
        }
      }
    },
    "xtend": {
      "version": "4.0.2",
      "resolved": "https://registry.npmjs.org/xtend/-/xtend-4.0.2.tgz",
      "integrity": "sha512-LKYU1iAXJXUgAXn9URjiu+MWhyUXHsvfp7mcuYm9dSUKK0/CjtrUwFAxD82/mCWbtLsGjFIad0wIsod4zrTAEQ=="
    }
  }
}
